
Microsoft Visual Studio Solution File, Format Version 12.00
# Visual Studio Version 17
VisualStudioVersion = 17.0.31903.59
MinimumVisualStudioVersion = 10.0.40219.1
Project("{2150E333-8FDC-42A3-9474-1A3956D46DE8}") = "src", "src", "{33675F23-3CFC-46BC-A519-1BFC81B8163A}"
EndProject
Project("{2150E333-8FDC-42A3-9474-1A3956D46DE8}") = "Application", "Application", "{190E5D8B-202A-484B-8B19-7E8F872D523D}"
EndProject
Project("{2150E333-8FDC-42A3-9474-1A3956D46DE8}") = "Contracts", "Contracts", "{AFFFC2B5-6CAB-4BE2-9F9A-57DA024AA6E1}"
EndProject
Project("{2150E333-8FDC-42A3-9474-1A3956D46DE8}") = "Hosts", "Hosts", "{ECA7A4BC-4E64-4EEE-AF3F-0A3529E59AF5}"
EndProject
Project("{2150E333-8FDC-42A3-9474-1A3956D46DE8}") = "Infrastructure", "Infrastructure", "{C29A6F64-E497-4B4F-9506-3CF25DD132D1}"
EndProject
Project("{2150E333-8FDC-42A3-9474-1A3956D46DE8}") = "tests", "tests", "{1AB3F77D-5C48-4F3C-A5AC-96A9D7290D56}"
EndProject
Project("{2150E333-8FDC-42A3-9474-1A3956D46DE8}") = "Domain", "Domain", "{6099BAB9-CD24-4B59-AC33-B066A8E06EFF}"
EndProject
Project("{2150E333-8FDC-42A3-9474-1A3956D46DE8}") = "misc", "misc", "{121FC8A3-6181-4581-B315-CE82FFEF51EE}"
EndProject
Project("{9A19103F-16F7-4668-BE54-9A1E7A4F7556}") = "SolarLab.Academy.AppServices", "src\SolarLab.Academy.AppServices\SolarLab.Academy.AppServices.csproj", "{606C961E-1C00-4892-A944-F134D74E2E42}"
EndProject
Project("{9A19103F-16F7-4668-BE54-9A1E7A4F7556}") = "SolarLab.Academy.Contracts", "src\SolarLab.Academy.Contracts\SolarLab.Academy.Contracts.csproj", "{DA7321BB-724C-4401-B5CB-9D18AFDCE326}"
EndProject
Project("{9A19103F-16F7-4668-BE54-9A1E7A4F7556}") = "SolarLab.Academy.Domain", "src\SolarLab.Academy.Domain\SolarLab.Academy.Domain.csproj", "{23A53C2A-387D-4A6C-A5B7-91119D721ECB}"
EndProject
Project("{9A19103F-16F7-4668-BE54-9A1E7A4F7556}") = "SolarLab.Academy.Api", "src\SolarLab.Academy.Api\SolarLab.Academy.Api.csproj", "{B1D69CC3-CFD6-46C8-A0F7-DF0DE11A3770}"
EndProject
Project("{9A19103F-16F7-4668-BE54-9A1E7A4F7556}") = "SolarLab.Academy.DataAccess", "src\SolarLab.Academy.DataAccess\SolarLab.Academy.DataAccess.csproj", "{D9A69ABA-40FD-4682-828F-487FA7378E8D}"
EndProject
Project("{9A19103F-16F7-4668-BE54-9A1E7A4F7556}") = "SolarLab.Academy.Infrastructure", "src\SolarLab.Academy.Infrastructure\SolarLab.Academy.Infrastructure.csproj", "{F8A94654-FB99-4855-8BB6-A0386159FE4C}"
EndProject
Project("{9A19103F-16F7-4668-BE54-9A1E7A4F7556}") = "SolarLab.Academy.ComponentRegistrar", "src\SolarLab.Academy.ComponentRegistrar\SolarLab.Academy.ComponentRegistrar.csproj", "{546334E3-8016-4215-96BF-A556F990DEBF}"
EndProject
Project("{FAE04EC0-301F-11D3-BF4B-00C04F79EFBC}") = "SolarLab.Academy.Tests", "tests\SolarLab.Academy.Tests\SolarLab.Academy.Tests.csproj", "{CFF8124C-4282-4DAA-B616-5664D9D266CB}"
EndProject
Global
	GlobalSection(SolutionConfigurationPlatforms) = preSolution
		Debug|Any CPU = Debug|Any CPU
		Release|Any CPU = Release|Any CPU
	EndGlobalSection
	GlobalSection(ProjectConfigurationPlatforms) = postSolution
		{606C961E-1C00-4892-A944-F134D74E2E42}.Debug|Any CPU.ActiveCfg = Debug|Any CPU
		{606C961E-1C00-4892-A944-F134D74E2E42}.Debug|Any CPU.Build.0 = Debug|Any CPU
		{606C961E-1C00-4892-A944-F134D74E2E42}.Release|Any CPU.ActiveCfg = Release|Any CPU
		{606C961E-1C00-4892-A944-F134D74E2E42}.Release|Any CPU.Build.0 = Release|Any CPU
		{DA7321BB-724C-4401-B5CB-9D18AFDCE326}.Debug|Any CPU.ActiveCfg = Debug|Any CPU
		{DA7321BB-724C-4401-B5CB-9D18AFDCE326}.Debug|Any CPU.Build.0 = Debug|Any CPU
		{DA7321BB-724C-4401-B5CB-9D18AFDCE326}.Release|Any CPU.ActiveCfg = Release|Any CPU
		{DA7321BB-724C-4401-B5CB-9D18AFDCE326}.Release|Any CPU.Build.0 = Release|Any CPU
		{23A53C2A-387D-4A6C-A5B7-91119D721ECB}.Debug|Any CPU.ActiveCfg = Debug|Any CPU
		{23A53C2A-387D-4A6C-A5B7-91119D721ECB}.Debug|Any CPU.Build.0 = Debug|Any CPU
		{23A53C2A-387D-4A6C-A5B7-91119D721ECB}.Release|Any CPU.ActiveCfg = Release|Any CPU
		{23A53C2A-387D-4A6C-A5B7-91119D721ECB}.Release|Any CPU.Build.0 = Release|Any CPU
		{B1D69CC3-CFD6-46C8-A0F7-DF0DE11A3770}.Debug|Any CPU.ActiveCfg = Debug|Any CPU
		{B1D69CC3-CFD6-46C8-A0F7-DF0DE11A3770}.Debug|Any CPU.Build.0 = Debug|Any CPU
		{B1D69CC3-CFD6-46C8-A0F7-DF0DE11A3770}.Release|Any CPU.ActiveCfg = Release|Any CPU
		{B1D69CC3-CFD6-46C8-A0F7-DF0DE11A3770}.Release|Any CPU.Build.0 = Release|Any CPU
		{D9A69ABA-40FD-4682-828F-487FA7378E8D}.Debug|Any CPU.ActiveCfg = Debug|Any CPU
		{D9A69ABA-40FD-4682-828F-487FA7378E8D}.Debug|Any CPU.Build.0 = Debug|Any CPU
		{D9A69ABA-40FD-4682-828F-487FA7378E8D}.Release|Any CPU.ActiveCfg = Release|Any CPU
		{D9A69ABA-40FD-4682-828F-487FA7378E8D}.Release|Any CPU.Build.0 = Release|Any CPU
		{F8A94654-FB99-4855-8BB6-A0386159FE4C}.Debug|Any CPU.ActiveCfg = Debug|Any CPU
		{F8A94654-FB99-4855-8BB6-A0386159FE4C}.Debug|Any CPU.Build.0 = Debug|Any CPU
		{F8A94654-FB99-4855-8BB6-A0386159FE4C}.Release|Any CPU.ActiveCfg = Release|Any CPU
		{F8A94654-FB99-4855-8BB6-A0386159FE4C}.Release|Any CPU.Build.0 = Release|Any CPU
		{546334E3-8016-4215-96BF-A556F990DEBF}.Debug|Any CPU.ActiveCfg = Debug|Any CPU
		{546334E3-8016-4215-96BF-A556F990DEBF}.Debug|Any CPU.Build.0 = Debug|Any CPU
		{546334E3-8016-4215-96BF-A556F990DEBF}.Release|Any CPU.ActiveCfg = Release|Any CPU
		{546334E3-8016-4215-96BF-A556F990DEBF}.Release|Any CPU.Build.0 = Release|Any CPU
		{CFF8124C-4282-4DAA-B616-5664D9D266CB}.Debug|Any CPU.ActiveCfg = Debug|Any CPU
		{CFF8124C-4282-4DAA-B616-5664D9D266CB}.Debug|Any CPU.Build.0 = Debug|Any CPU
		{CFF8124C-4282-4DAA-B616-5664D9D266CB}.Release|Any CPU.ActiveCfg = Release|Any CPU
		{CFF8124C-4282-4DAA-B616-5664D9D266CB}.Release|Any CPU.Build.0 = Release|Any CPU
	EndGlobalSection
	GlobalSection(SolutionProperties) = preSolution
		HideSolutionNode = FALSE
	EndGlobalSection
	GlobalSection(NestedProjects) = preSolution
		{190E5D8B-202A-484B-8B19-7E8F872D523D} = {33675F23-3CFC-46BC-A519-1BFC81B8163A}
		{AFFFC2B5-6CAB-4BE2-9F9A-57DA024AA6E1} = {33675F23-3CFC-46BC-A519-1BFC81B8163A}
		{ECA7A4BC-4E64-4EEE-AF3F-0A3529E59AF5} = {33675F23-3CFC-46BC-A519-1BFC81B8163A}
		{C29A6F64-E497-4B4F-9506-3CF25DD132D1} = {33675F23-3CFC-46BC-A519-1BFC81B8163A}
		{6099BAB9-CD24-4B59-AC33-B066A8E06EFF} = {33675F23-3CFC-46BC-A519-1BFC81B8163A}
		{606C961E-1C00-4892-A944-F134D74E2E42} = {190E5D8B-202A-484B-8B19-7E8F872D523D}
		{DA7321BB-724C-4401-B5CB-9D18AFDCE326} = {AFFFC2B5-6CAB-4BE2-9F9A-57DA024AA6E1}
		{23A53C2A-387D-4A6C-A5B7-91119D721ECB} = {6099BAB9-CD24-4B59-AC33-B066A8E06EFF}
		{B1D69CC3-CFD6-46C8-A0F7-DF0DE11A3770} = {ECA7A4BC-4E64-4EEE-AF3F-0A3529E59AF5}
		{D9A69ABA-40FD-4682-828F-487FA7378E8D} = {C29A6F64-E497-4B4F-9506-3CF25DD132D1}
		{F8A94654-FB99-4855-8BB6-A0386159FE4C} = {C29A6F64-E497-4B4F-9506-3CF25DD132D1}
		{546334E3-8016-4215-96BF-A556F990DEBF} = {C29A6F64-E497-4B4F-9506-3CF25DD132D1}
		{CFF8124C-4282-4DAA-B616-5664D9D266CB} = {1AB3F77D-5C48-4F3C-A5AC-96A9D7290D56}
	EndGlobalSection
	GlobalSection(ExtensibilityGlobals) = postSolution
		SolutionGuid = {73B02DA2-81CB-4062-858A-1832A1AD176E}
	EndGlobalSection
EndGlobal
